// !$*UTF8*$!
{
	archiveVersion = 1;
	classes = {
	};
	objectVersion = 46;
	objects = {

/* Begin PBXBuildFile section */
		840BE5D61D80590A00121DC0 /* AppDelegate.swift in Sources */ = {isa = PBXBuildFile; fileRef = 840BE5D51D80590A00121DC0 /* AppDelegate.swift */; };
		840BE5D81D80590A00121DC0 /* TipViewController.swift in Sources */ = {isa = PBXBuildFile; fileRef = 840BE5D71D80590A00121DC0 /* TipViewController.swift */; };
		840BE5DB1D80590A00121DC0 /* Main.storyboard in Resources */ = {isa = PBXBuildFile; fileRef = 840BE5D91D80590A00121DC0 /* Main.storyboard */; };
		840BE5DD1D80590A00121DC0 /* Assets.xcassets in Resources */ = {isa = PBXBuildFile; fileRef = 840BE5DC1D80590A00121DC0 /* Assets.xcassets */; };
		840BE5E01D80590A00121DC0 /* LaunchScreen.storyboard in Resources */ = {isa = PBXBuildFile; fileRef = 840BE5DE1D80590A00121DC0 /* LaunchScreen.storyboard */; };
		840BE5EB1D80590A00121DC0 /* tippyTests.swift in Sources */ = {isa = PBXBuildFile; fileRef = 840BE5EA1D80590A00121DC0 /* tippyTests.swift */; };
		840BE5F61D80590A00121DC0 /* tippyUITests.swift in Sources */ = {isa = PBXBuildFile; fileRef = 840BE5F51D80590A00121DC0 /* tippyUITests.swift */; };
		8462C0301D8310280090E096 /* SettingsViewController.swift in Sources */ = {isa = PBXBuildFile; fileRef = 8462C02F1D8310280090E096 /* SettingsViewController.swift */; };
/* End PBXBuildFile section */

/* Begin PBXContainerItemProxy section */
		840BE5E71D80590A00121DC0 /* PBXContainerItemProxy */ = {
			isa = PBXContainerItemProxy;
			containerPortal = 840BE5CA1D80590A00121DC0 /* Project object */;
			proxyType = 1;
			remoteGlobalIDString = 840BE5D11D80590A00121DC0;
			remoteInfo = tippy;
		};
		840BE5F21D80590A00121DC0 /* PBXContainerItemProxy */ = {
			isa = PBXContainerItemProxy;
			containerPortal = 840BE5CA1D80590A00121DC0 /* Project object */;
			proxyType = 1;
			remoteGlobalIDString = 840BE5D11D80590A00121DC0;
			remoteInfo = tippy;
		};
/* End PBXContainerItemProxy section */

/* Begin PBXFileReference section */
		840BE5D21D80590A00121DC0 /* tippy.app */ = {isa = PBXFileReference; explicitFileType = wrapper.application; includeInIndex = 0; path = tippy.app; sourceTree = BUILT_PRODUCTS_DIR; };
		840BE5D51D80590A00121DC0 /* AppDelegate.swift */ = {isa = PBXFileReference; lastKnownFileType = sourcecode.swift; path = AppDelegate.swift; sourceTree = "<group>"; };
		840BE5D71D80590A00121DC0 /* TipViewController.swift */ = {isa = PBXFileReference; lastKnownFileType = sourcecode.swift; path = TipViewController.swift; sourceTree = "<group>"; };
		840BE5DA1D80590A00121DC0 /* Base */ = {isa = PBXFileReference; lastKnownFileType = file.storyboard; name = Base; path = Base.lproj/Main.storyboard; sourceTree = "<group>"; };
		840BE5DC1D80590A00121DC0 /* Assets.xcassets */ = {isa = PBXFileReference; lastKnownFileType = folder.assetcatalog; path = Assets.xcassets; sourceTree = "<group>"; };
		840BE5DF1D80590A00121DC0 /* Base */ = {isa = PBXFileReference; lastKnownFileType = file.storyboard; name = Base; path = Base.lproj/LaunchScreen.storyboard; sourceTree = "<group>"; };
		840BE5E11D80590A00121DC0 /* Info.plist */ = {isa = PBXFileReference; lastKnownFileType = text.plist.xml; path = Info.plist; sourceTree = "<group>"; };
		840BE5E61D80590A00121DC0 /* tippyTests.xctest */ = {isa = PBXFileReference; explicitFileType = wrapper.cfbundle; includeInIndex = 0; path = tippyTests.xctest; sourceTree = BUILT_PRODUCTS_DIR; };
		840BE5EA1D80590A00121DC0 /* tippyTests.swift */ = {isa = PBXFileReference; lastKnownFileType = sourcecode.swift; path = tippyTests.swift; sourceTree = "<group>"; };
		840BE5EC1D80590A00121DC0 /* Info.plist */ = {isa = PBXFileReference; lastKnownFileType = text.plist.xml; path = Info.plist; sourceTree = "<group>"; };
		840BE5F11D80590A00121DC0 /* tippyUITests.xctest */ = {isa = PBXFileReference; explicitFileType = wrapper.cfbundle; includeInIndex = 0; path = tippyUITests.xctest; sourceTree = BUILT_PRODUCTS_DIR; };
		840BE5F51D80590A00121DC0 /* tippyUITests.swift */ = {isa = PBXFileReference; lastKnownFileType = sourcecode.swift; path = tippyUITests.swift; sourceTree = "<group>"; };
		840BE5F71D80590A00121DC0 /* Info.plist */ = {isa = PBXFileReference; lastKnownFileType = text.plist.xml; path = Info.plist; sourceTree = "<group>"; };
		8462C02F1D8310280090E096 /* SettingsViewController.swift */ = {isa = PBXFileReference; fileEncoding = 4; lastKnownFileType = sourcecode.swift; path = SettingsViewController.swift; sourceTree = "<group>"; };
/* End PBXFileReference section */

/* Begin PBXFrameworksBuildPhase section */
		840BE5CF1D80590A00121DC0 /* Frameworks */ = {
			isa = PBXFrameworksBuildPhase;
			buildActionMask = 2147483647;
			files = (
			);
			runOnlyForDeploymentPostprocessing = 0;
		};
		840BE5E31D80590A00121DC0 /* Frameworks */ = {
			isa = PBXFrameworksBuildPhase;
			buildActionMask = 2147483647;
			files = (
			);
			runOnlyForDeploymentPostprocessing = 0;
		};
		840BE5EE1D80590A00121DC0 /* Frameworks */ = {
			isa = PBXFrameworksBuildPhase;
			buildActionMask = 2147483647;
			files = (
			);
			runOnlyForDeploymentPostprocessing = 0;
		};
/* End PBXFrameworksBuildPhase section */

/* Begin PBXGroup section */
		840BE5C91D80590A00121DC0 = {
			isa = PBXGroup;
			children = (
				840BE5D41D80590A00121DC0 /* tippy */,
				840BE5E91D80590A00121DC0 /* tippyTests */,
				840BE5F41D80590A00121DC0 /* tippyUITests */,
				840BE5D31D80590A00121DC0 /* Products */,
			);
			sourceTree = "<group>";
		};
		840BE5D31D80590A00121DC0 /* Products */ = {
			isa = PBXGroup;
			children = (
				840BE5D21D80590A00121DC0 /* tippy.app */,
				840BE5E61D80590A00121DC0 /* tippyTests.xctest */,
				840BE5F11D80590A00121DC0 /* tippyUITests.xctest */,
			);
			name = Products;
			sourceTree = "<group>";
		};
		840BE5D41D80590A00121DC0 /* tippy */ = {
			isa = PBXGroup;
			children = (
				840BE5D51D80590A00121DC0 /* AppDelegate.swift */,
				840BE5D71D80590A00121DC0 /* TipViewController.swift */,
				840BE5D91D80590A00121DC0 /* Main.storyboard */,
				8462C02F1D8310280090E096 /* SettingsViewController.swift */,
				840BE5DC1D80590A00121DC0 /* Assets.xcassets */,
				840BE5DE1D80590A00121DC0 /* LaunchScreen.storyboard */,
				840BE5E11D80590A00121DC0 /* Info.plist */,
			);
			path = tippy;
			sourceTree = "<group>";
		};
		840BE5E91D80590A00121DC0 /* tippyTests */ = {
			isa = PBXGroup;
			children = (
				840BE5EA1D80590A00121DC0 /* tippyTests.swift */,
				840BE5EC1D80590A00121DC0 /* Info.plist */,
			);
			path = tippyTests;
			sourceTree = "<group>";
		};
		840BE5F41D80590A00121DC0 /* tippyUITests */ = {
			isa = PBXGroup;
			children = (
				840BE5F51D80590A00121DC0 /* tippyUITests.swift */,
				840BE5F71D80590A00121DC0 /* Info.plist */,
			);
			path = tippyUITests;
			sourceTree = "<group>";
		};
/* End PBXGroup section */

/* Begin PBXNativeTarget section */
		840BE5D11D80590A00121DC0 /* tippy */ = {
			isa = PBXNativeTarget;
			buildConfigurationList = 840BE5FA1D80590A00121DC0 /* Build configuration list for PBXNativeTarget "tippy" */;
			buildPhases = (
				840BE5CE1D80590A00121DC0 /* Sources */,
				840BE5CF1D80590A00121DC0 /* Frameworks */,
				840BE5D01D80590A00121DC0 /* Resources */,
			);
			buildRules = (
			);
			dependencies = (
			);
			name = tippy;
			productName = tippy;
			productReference = 840BE5D21D80590A00121DC0 /* tippy.app */;
			productType = "com.apple.product-type.application";
		};
		840BE5E51D80590A00121DC0 /* tippyTests */ = {
			isa = PBXNativeTarget;
			buildConfigurationList = 840BE5FD1D80590A00121DC0 /* Build configuration list for PBXNativeTarget "tippyTests" */;
			buildPhases = (
				840BE5E21D80590A00121DC0 /* Sources */,
				840BE5E31D80590A00121DC0 /* Frameworks */,
				840BE5E41D80590A00121DC0 /* Resources */,
			);
			buildRules = (
			);
			dependencies = (
				840BE5E81D80590A00121DC0 /* PBXTargetDependency */,
			);
			name = tippyTests;
			productName = tippyTests;
			productReference = 840BE5E61D80590A00121DC0 /* tippyTests.xctest */;
			productType = "com.apple.product-type.bundle.unit-test";
		};
		840BE5F01D80590A00121DC0 /* tippyUITests */ = {
			isa = PBXNativeTarget;
			buildConfigurationList = 840BE6001D80590A00121DC0 /* Build configuration list for PBXNativeTarget "tippyUITests" */;
			buildPhases = (
				840BE5ED1D80590A00121DC0 /* Sources */,
				840BE5EE1D80590A00121DC0 /* Frameworks */,
				840BE5EF1D80590A00121DC0 /* Resources */,
			);
			buildRules = (
			);
			dependencies = (
				840BE5F31D80590A00121DC0 /* PBXTargetDependency */,
			);
			name = tippyUITests;
			productName = tippyUITests;
			productReference = 840BE5F11D80590A00121DC0 /* tippyUITests.xctest */;
			productType = "com.apple.product-type.bundle.ui-testing";
		};
/* End PBXNativeTarget section */

/* Begin PBXProject section */
		840BE5CA1D80590A00121DC0 /* Project object */ = {
			isa = PBXProject;
			attributes = {
				LastSwiftUpdateCheck = 0730;
				LastUpgradeCheck = 0730;
				ORGANIZATIONNAME = "Lei Wang";
				TargetAttributes = {
					840BE5D11D80590A00121DC0 = {
						CreatedOnToolsVersion = 7.3.1;
					};
					840BE5E51D80590A00121DC0 = {
						CreatedOnToolsVersion = 7.3.1;
						TestTargetID = 840BE5D11D80590A00121DC0;
					};
					840BE5F01D80590A00121DC0 = {
						CreatedOnToolsVersion = 7.3.1;
						TestTargetID = 840BE5D11D80590A00121DC0;
					};
				};
			};
			buildConfigurationList = 840BE5CD1D80590A00121DC0 /* Build configuration list for PBXProject "tippy" */;
			compatibilityVersion = "Xcode 3.2";
			developmentRegion = English;
			hasScannedForEncodings = 0;
			knownRegions = (
				en,
				Base,
			);
			mainGroup = 840BE5C91D80590A00121DC0;
			productRefGroup = 840BE5D31D80590A00121DC0 /* Products */;
			projectDirPath = "";
			projectRoot = "";
			targets = (
				840BE5D11D80590A00121DC0 /* tippy */,
				840BE5E51D80590A00121DC0 /* tippyTests */,
				840BE5F01D80590A00121DC0 /* tippyUITests */,
			);
		};
/* End PBXProject section */

/* Begin PBXResourcesBuildPhase section */
		840BE5D01D80590A00121DC0 /* Resources */ = {
			isa = PBXResourcesBuildPhase;
			buildActionMask = 2147483647;
			files = (
				840BE5E01D80590A00121DC0 /* LaunchScreen.storyboard in Resources */,
				840BE5DD1D80590A00121DC0 /* Assets.xcassets in Resources */,
				840BE5DB1D80590A00121DC0 /* Main.storyboard in Resources */,
			);
			runOnlyForDeploymentPostprocessing = 0;
		};
		840BE5E41D80590A00121DC0 /* Resources */ = {
			isa = PBXResourcesBuildPhase;
			buildActionMask = 2147483647;
			files = (
			);
			runOnlyForDeploymentPostprocessing = 0;
		};
		840BE5EF1D80590A00121DC0 /* Resources */ = {
			isa = PBXResourcesBuildPhase;
			buildActionMask = 2147483647;
			files = (
			);
			runOnlyForDeploymentPostprocessing = 0;
		};
/* End PBXResourcesBuildPhase section */

/* Begin PBXSourcesBuildPhase section */
		840BE5CE1D80590A00121DC0 /* Sources */ = {
			isa = PBXSourcesBuildPhase;
			buildActionMask = 2147483647;
			files = (
				840BE5D81D80590A00121DC0 /* TipViewController.swift in Sources */,
				840BE5D61D80590A00121DC0 /* AppDelegate.swift in Sources */,
				8462C0301D8310280090E096 /* SettingsViewController.swift in Sources */,
			);
			runOnlyForDeploymentPostprocessing = 0;
		};
		840BE5E21D80590A00121DC0 /* Sources */ = {
			isa = PBXSourcesBuildPhase;
			buildActionMask = 2147483647;
			files = (
				840BE5EB1D80590A00121DC0 /* tippyTests.swift in Sources */,
			);
			runOnlyForDeploymentPostprocessing = 0;
		};
		840BE5ED1D80590A00121DC0 /* Sources */ = {
			isa = PBXSourcesBuildPhase;
			buildActionMask = 2147483647;
			files = (
				840BE5F61D80590A00121DC0 /* tippyUITests.swift in Sources */,
			);
			runOnlyForDeploymentPostprocessing = 0;
		};
/* End PBXSourcesBuildPhase section */

/* Begin PBXTargetDependency section */
		840BE5E81D80590A00121DC0 /* PBXTargetDependency */ = {
			isa = PBXTargetDependency;
			target = 840BE5D11D80590A00121DC0 /* tippy */;
			targetProxy = 840BE5E71D80590A00121DC0 /* PBXContainerItemProxy */;
		};
		840BE5F31D80590A00121DC0 /* PBXTargetDependency */ = {
			isa = PBXTargetDependency;
			target = 840BE5D11D80590A00121DC0 /* tippy */;
			targetProxy = 840BE5F21D80590A00121DC0 /* PBXContainerItemProxy */;
		};
/* End PBXTargetDependency section */

/* Begin PBXVariantGroup section */
		840BE5D91D80590A00121DC0 /* Main.storyboard */ = {
			isa = PBXVariantGroup;
			children = (
				840BE5DA1D80590A00121DC0 /* Base */,
			);
			name = Main.storyboard;
			sourceTree = "<group>";
		};
		840BE5DE1D80590A00121DC0 /* LaunchScreen.storyboard */ = {
			isa = PBXVariantGroup;
			children = (
				840BE5DF1D80590A00121DC0 /* Base */,
			);
			name = LaunchScreen.storyboard;
			sourceTree = "<group>";
		};
/* End PBXVariantGroup section */

/* Begin XCBuildConfiguration section */
		840BE5F81D80590A00121DC0 /* Debug */ = {
			isa = XCBuildConfiguration;
			buildSettings = {
				ALWAYS_SEARCH_USER_PATHS = NO;
				CLANG_ANALYZER_NONNULL = YES;
				CLANG_CXX_LANGUAGE_STANDARD = "gnu++0x";
				CLANG_CXX_LIBRARY = "libc++";
				CLANG_ENABLE_MODULES = YES;
				CLANG_ENABLE_OBJC_ARC = YES;
				CLANG_WARN_BOOL_CONVERSION = YES;
				CLANG_WARN_CONSTANT_CONVERSION = YES;
				CLANG_WARN_DIRECT_OBJC_ISA_USAGE = YES_ERROR;
				CLANG_WARN_EMPTY_BODY = YES;
				CLANG_WARN_ENUM_CONVERSION = YES;
				CLANG_WARN_INT_CONVERSION = YES;
				CLANG_WARN_OBJC_ROOT_CLASS = YES_ERROR;
				CLANG_WARN_UNREACHABLE_CODE = YES;
				CLANG_WARN__DUPLICATE_METHOD_MATCH = YES;
				"CODE_SIGN_IDENTITY[sdk=iphoneos*]" = "iPhone Developer";
				COPY_PHASE_STRIP = NO;
				DEBUG_INFORMATION_FORMAT = dwarf;
				ENABLE_STRICT_OBJC_MSGSEND = YES;
				ENABLE_TESTABILITY = YES;
				GCC_C_LANGUAGE_STANDARD = gnu99;
				GCC_DYNAMIC_NO_PIC = NO;
				GCC_NO_COMMON_BLOCKS = YES;
				GCC_OPTIMIZATION_LEVEL = 0;
				GCC_PREPROCESSOR_DEFINITIONS = (
					"DEBUG=1",
					"$(inherited)",
				);
				GCC_WARN_64_TO_32_BIT_CONVERSION = YES;
				GCC_WARN_ABOUT_RETURN_TYPE = YES_ERROR;
				GCC_WARN_UNDECLARED_SELECTOR = YES;
				GCC_WARN_UNINITIALIZED_AUTOS = YES_AGGRESSIVE;
				GCC_WARN_UNUSED_FUNCTION = YES;
				GCC_WARN_UNUSED_VARIABLE = YES;
				IPHONEOS_DEPLOYMENT_TARGET = 9.3;
				MTL_ENABLE_DEBUG_INFO = YES;
				ONLY_ACTIVE_ARCH = YES;
				SDKROOT = iphoneos;
				SWIFT_OPTIMIZATION_LEVEL = "-Onone";
			};
			name = Debug;
		};
		840BE5F91D80590A00121DC0 /* Release */ = {
			isa = XCBuildConfiguration;
			buildSettings = {
				ALWAYS_SEARCH_USER_PATHS = NO;
				CLANG_ANALYZER_NONNULL = YES;
				CLANG_CXX_LANGUAGE_STANDARD = "gnu++0x";
				CLANG_CXX_LIBRARY = "libc++";
				CLANG_ENABLE_MODULES = YES;
				CLANG_ENABLE_OBJC_ARC = YES;
				CLANG_WARN_BOOL_CONVERSION = YES;
				CLANG_WARN_CONSTANT_CONVERSION = YES;
				CLANG_WARN_DIRECT_OBJC_ISA_USAGE = YES_ERROR;
				CLANG_WARN_EMPTY_BODY = YES;
				CLANG_WARN_ENUM_CONVERSION = YES;
				CLANG_WARN_INT_CONVERSION = YES;
				CLANG_WARN_OBJC_ROOT_CLASS = YES_ERROR;
				CLANG_WARN_UNREACHABLE_CODE = YES;
				CLANG_WARN__DUPLICATE_METHOD_MATCH = YES;
				"CODE_SIGN_IDENTITY[sdk=iphoneos*]" = "iPhone Developer";
				COPY_PHASE_STRIP = NO;
				DEBUG_INFORMATION_FORMAT = "dwarf-with-dsym";
				ENABLE_NS_ASSERTIONS = NO;
				ENABLE_STRICT_OBJC_MSGSEND = YES;
				GCC_C_LANGUAGE_STANDARD = gnu99;
				GCC_NO_COMMON_BLOCKS = YES;
				GCC_WARN_64_TO_32_BIT_CONVERSION = YES;
				GCC_WARN_ABOUT_RETURN_TYPE = YES_ERROR;
				GCC_WARN_UNDECLARED_SELECTOR = YES;
				GCC_WARN_UNINITIALIZED_AUTOS = YES_AGGRESSIVE;
				GCC_WARN_UNUSED_FUNCTION = YES;
				GCC_WARN_UNUSED_VARIABLE = YES;
				IPHONEOS_DEPLOYMENT_TARGET = 9.3;
				MTL_ENABLE_DEBUG_INFO = NO;
				SDKROOT = iphoneos;
				VALIDATE_PRODUCT = YES;
			};
			name = Release;
		};
		840BE5FB1D80590A00121DC0 /* Debug */ = {
			isa = XCBuildConfiguration;
			buildSettings = {
				ASSETCATALOG_COMPILER_APPICON_NAME = AppIcon;
				INFOPLIST_FILE = tippy/Info.plist;
				LD_RUNPATH_SEARCH_PATHS = "$(inherited) @executable_path/Frameworks";
				PRODUCT_BUNDLE_IDENTIFIER = com.codepath.tippy;
				PRODUCT_NAME = "$(TARGET_NAME)";
			};
			name = Debug;
		};
		840BE5FC1D80590A00121DC0 /* Release */ = {
			isa = XCBuildConfiguration;
			buildSettings = {
				ASSETCATALOG_COMPILER_APPICON_NAME = AppIcon;
				INFOPLIST_FILE = tippy/Info.plist;
				LD_RUNPATH_SEARCH_PATHS = "$(inherited) @executable_path/Frameworks";
				PRODUCT_BUNDLE_IDENTIFIER = com.codepath.tippy;
				PRODUCT_NAME = "$(TARGET_NAME)";
			};
			name = Release;
		};
		840BE5FE1D80590A00121DC0 /* Debug */ = {
			isa = XCBuildConfiguration;
			buildSettings = {
				BUNDLE_LOADER = "$(TEST_HOST)";
				INFOPLIST_FILE = tippyTests/Info.plist;
				LD_RUNPATH_SEARCH_PATHS = "$(inherited) @executable_path/Frameworks @loader_path/Frameworks";
				PRODUCT_BUNDLE_IDENTIFIER = com.codepath.tippyTests;
				PRODUCT_NAME = "$(TARGET_NAME)";
				TEST_HOST = "$(BUILT_PRODUCTS_DIR)/tippy.app/tippy";
			};
			name = Debug;
		};
		840BE5FF1D80590A00121DC0 /* Release */ = {
			isa = XCBuildConfiguration;
			buildSettings = {
				BUNDLE_LOADER = "$(TEST_HOST)";
				INFOPLIST_FILE = tippyTests/Info.plist;
				LD_RUNPATH_SEARCH_PATHS = "$(inherited) @executable_path/Frameworks @loader_path/Frameworks";
				PRODUCT_BUNDLE_IDENTIFIER = com.codepath.tippyTests;
				PRODUCT_NAME = "$(TARGET_NAME)";
				TEST_HOST = "$(BUILT_PRODUCTS_DIR)/tippy.app/tippy";
			};
			name = Release;
		};
		840BE6011D80590A00121DC0 /* Debug */ = {
			isa = XCBuildConfiguration;
			buildSettings = {
				INFOPLIST_FILE = tippyUITests/Info.plist;
				LD_RUNPATH_SEARCH_PATHS = "$(inherited) @executable_path/Frameworks @loader_path/Frameworks";
				PRODUCT_BUNDLE_IDENTIFIER = com.codepath.tippyUITests;
				PRODUCT_NAME = "$(TARGET_NAME)";
				TEST_TARGET_NAME = tippy;
			};
			name = Debug;
		};
		840BE6021D80590A00121DC0 /* Release */ = {
			isa = XCBuildConfiguration;
			buildSettings = {
				INFOPLIST_FILE = tippyUITests/Info.plist;
				LD_RUNPATH_SEARCH_PATHS = "$(inherited) @executable_path/Frameworks @loader_path/Frameworks";
				PRODUCT_BUNDLE_IDENTIFIER = com.codepath.tippyUITests;
				PRODUCT_NAME = "$(TARGET_NAME)";
				TEST_TARGET_NAME = tippy;
			};
			name = Release;
		};
/* End XCBuildConfiguration section */

/* Begin XCConfigurationList section */
		840BE5CD1D80590A00121DC0 /* Build configuration list for PBXProject "tippy" */ = {
			isa = XCConfigurationList;
			buildConfigurations = (
				840BE5F81D80590A00121DC0 /* Debug */,
				840BE5F91D80590A00121DC0 /* Release */,
			);
			defaultConfigurationIsVisible = 0;
			defaultConfigurationName = Release;
		};
		840BE5FA1D80590A00121DC0 /* Build configuration list for PBXNativeTarget "tippy" */ = {
			isa = XCConfigurationList;
			buildConfigurations = (
				840BE5FB1D80590A00121DC0 /* Debug */,
				840BE5FC1D80590A00121DC0 /* Release */,
			);
			defaultConfigurationIsVisible = 0;
			defaultConfigurationName = Release;
		};
		840BE5FD1D80590A00121DC0 /* Build configuration list for PBXNativeTarget "tippyTests" */ = {
			isa = XCConfigurationList;
			buildConfigurations = (
				840BE5FE1D80590A00121DC0 /* Debug */,
				840BE5FF1D80590A00121DC0 /* Release */,
			);
			defaultConfigurationIsVisible = 0;
			defaultConfigurationName = Release;
		};
		840BE6001D80590A00121DC0 /* Build configuration list for PBXNativeTarget "tippyUITests" */ = {
			isa = XCConfigurationList;
			buildConfigurations = (
				840BE6011D80590A00121DC0 /* Debug */,
				840BE6021D80590A00121DC0 /* Release */,
			);
			defaultConfigurationIsVisible = 0;
			defaultConfigurationName = Release;
		};
/* End XCConfigurationList section */
	};
	rootObject = 840BE5CA1D80590A00121DC0 /* Project object */;
}
